
Microsoft Visual Studio Solution File, Format Version 12.00
# Visual Studio Version 17
VisualStudioVersion = 17.5.33627.172
MinimumVisualStudioVersion = 10.0.40219.1
Project("{FAE04EC0-301F-11D3-BF4B-00C04F79EFBC}") = "Common", "Common\Common.csproj", "{EA264BE1-14BD-499E-82ED-BCC194B66E92}"
EndProject
Project("{FAE04EC0-301F-11D3-BF4B-00C04F79EFBC}") = "Client", "Client\Client.csproj", "{E4FE33F1-22EF-43BA-A1DE-FB62F63D5DFA}"
EndProject
Project("{FAE04EC0-301F-11D3-BF4B-00C04F79EFBC}") = "Data Base", "Data Base\Data Base.csproj", "{F811B47F-B2F5-4635-9E9E-97009A69A7F2}"
EndProject
Project("{FAE04EC0-301F-11D3-BF4B-00C04F79EFBC}") = "Server", "Server\Server.csproj", "{4E82CF7B-118C-428E-8A93-5D5A6D3F5A3F}"
EndProject
Global
	GlobalSection(SolutionConfigurationPlatforms) = preSolution
		Debug|Any CPU = Debug|Any CPU
		Release|Any CPU = Release|Any CPU
	EndGlobalSection
	GlobalSection(ProjectConfigurationPlatforms) = postSolution
		{EA264BE1-14BD-499E-82ED-BCC194B66E92}.Debug|Any CPU.ActiveCfg = Debug|Any CPU
		{EA264BE1-14BD-499E-82ED-BCC194B66E92}.Debug|Any CPU.Build.0 = Debug|Any CPU
		{EA264BE1-14BD-499E-82ED-BCC194B66E92}.Release|Any CPU.ActiveCfg = Release|Any CPU
		{EA264BE1-14BD-499E-82ED-BCC194B66E92}.Release|Any CPU.Build.0 = Release|Any CPU
		{E4FE33F1-22EF-43BA-A1DE-FB62F63D5DFA}.Debug|Any CPU.ActiveCfg = Debug|Any CPU
		{E4FE33F1-22EF-43BA-A1DE-FB62F63D5DFA}.Debug|Any CPU.Build.0 = Debug|Any CPU
		{E4FE33F1-22EF-43BA-A1DE-FB62F63D5DFA}.Release|Any CPU.ActiveCfg = Release|Any CPU
		{E4FE33F1-22EF-43BA-A1DE-FB62F63D5DFA}.Release|Any CPU.Build.0 = Release|Any CPU
		{F811B47F-B2F5-4635-9E9E-97009A69A7F2}.Debug|Any CPU.ActiveCfg = Debug|Any CPU
		{F811B47F-B2F5-4635-9E9E-97009A69A7F2}.Debug|Any CPU.Build.0 = Debug|Any CPU
		{F811B47F-B2F5-4635-9E9E-97009A69A7F2}.Release|Any CPU.ActiveCfg = Release|Any CPU
		{F811B47F-B2F5-4635-9E9E-97009A69A7F2}.Release|Any CPU.Build.0 = Release|Any CPU
		{4E82CF7B-118C-428E-8A93-5D5A6D3F5A3F}.Debug|Any CPU.ActiveCfg = Debug|Any CPU
		{4E82CF7B-118C-428E-8A93-5D5A6D3F5A3F}.Debug|Any CPU.Build.0 = Debug|Any CPU
		{4E82CF7B-118C-428E-8A93-5D5A6D3F5A3F}.Release|Any CPU.ActiveCfg = Release|Any CPU
		{4E82CF7B-118C-428E-8A93-5D5A6D3F5A3F}.Release|Any CPU.Build.0 = Release|Any CPU
	EndGlobalSection
	GlobalSection(SolutionProperties) = preSolution
		HideSolutionNode = FALSE
	EndGlobalSection
	GlobalSection(ExtensibilityGlobals) = postSolution
		SolutionGuid = {DDC56921-7F49-4EAC-947D-95D03933360B}
	EndGlobalSection
EndGlobal
